
Microsoft Visual Studio Solution File, Format Version 12.00
# Visual Studio Version 17
VisualStudioVersion = 17.9.34607.119
MinimumVisualStudioVersion = 10.0.40219.1
Project("{9A19103F-16F7-4668-BE54-9A1E7A4F7556}") = "StockManager.Api", "src\StockManager.Api\StockManager.Api.csproj", "{32326956-DE60-41AD-8113-BFFD49B13281}"
EndProject
Project("{9A19103F-16F7-4668-BE54-9A1E7A4F7556}") = "StockManager.Domain", "src\StockManager.Domain\StockManager.Domain.csproj", "{A4BF7BEC-1CC2-4E66-AC31-2BEC35792A32}"
EndProject
Project("{9A19103F-16F7-4668-BE54-9A1E7A4F7556}") = "StockManager.Infrastructure", "src\StockManager.Infrastructure\StockManager.Infrastructure.csproj", "{753495F7-F029-468F-B676-3A3E902472C7}"
EndProject
Project("{9A19103F-16F7-4668-BE54-9A1E7A4F7556}") = "StockManager.Application", "src\StockManager.Application\StockManager.Application.csproj", "{C53DA6A9-E40A-4D7F-879E-0564440720B6}"
EndProject
Project("{2150E333-8FDC-42A3-9474-1A3956D46DE8}") = "src", "src", "{7CA1E06C-9879-4DAC-82A2-743D3B1277AD}"
EndProject
Project("{2150E333-8FDC-42A3-9474-1A3956D46DE8}") = "tests", "tests", "{97B31517-3C13-42F4-B8FD-2FFFA2D1AB2D}"
EndProject
Project("{FAE04EC0-301F-11D3-BF4B-00C04F79EFBC}") = "StockManager.Api.E2E.Tests", "tests\StockManager.Api.E2E.Tests\StockManager.Api.E2E.Tests.csproj", "{06C56F3F-102F-4442-AFF8-0EBCFE9DBD25}"
EndProject
Global
	GlobalSection(SolutionConfigurationPlatforms) = preSolution
		Debug|Any CPU = Debug|Any CPU
		Release|Any CPU = Release|Any CPU
	EndGlobalSection
	GlobalSection(ProjectConfigurationPlatforms) = postSolution
		{32326956-DE60-41AD-8113-BFFD49B13281}.Debug|Any CPU.ActiveCfg = Debug|Any CPU
		{32326956-DE60-41AD-8113-BFFD49B13281}.Debug|Any CPU.Build.0 = Debug|Any CPU
		{32326956-DE60-41AD-8113-BFFD49B13281}.Release|Any CPU.ActiveCfg = Release|Any CPU
		{32326956-DE60-41AD-8113-BFFD49B13281}.Release|Any CPU.Build.0 = Release|Any CPU
		{A4BF7BEC-1CC2-4E66-AC31-2BEC35792A32}.Debug|Any CPU.ActiveCfg = Debug|Any CPU
		{A4BF7BEC-1CC2-4E66-AC31-2BEC35792A32}.Debug|Any CPU.Build.0 = Debug|Any CPU
		{A4BF7BEC-1CC2-4E66-AC31-2BEC35792A32}.Release|Any CPU.ActiveCfg = Release|Any CPU
		{A4BF7BEC-1CC2-4E66-AC31-2BEC35792A32}.Release|Any CPU.Build.0 = Release|Any CPU
		{753495F7-F029-468F-B676-3A3E902472C7}.Debug|Any CPU.ActiveCfg = Debug|Any CPU
		{753495F7-F029-468F-B676-3A3E902472C7}.Debug|Any CPU.Build.0 = Debug|Any CPU
		{753495F7-F029-468F-B676-3A3E902472C7}.Release|Any CPU.ActiveCfg = Release|Any CPU
		{753495F7-F029-468F-B676-3A3E902472C7}.Release|Any CPU.Build.0 = Release|Any CPU
		{C53DA6A9-E40A-4D7F-879E-0564440720B6}.Debug|Any CPU.ActiveCfg = Debug|Any CPU
		{C53DA6A9-E40A-4D7F-879E-0564440720B6}.Debug|Any CPU.Build.0 = Debug|Any CPU
		{C53DA6A9-E40A-4D7F-879E-0564440720B6}.Release|Any CPU.ActiveCfg = Release|Any CPU
		{C53DA6A9-E40A-4D7F-879E-0564440720B6}.Release|Any CPU.Build.0 = Release|Any CPU
		{06C56F3F-102F-4442-AFF8-0EBCFE9DBD25}.Debug|Any CPU.ActiveCfg = Debug|Any CPU
		{06C56F3F-102F-4442-AFF8-0EBCFE9DBD25}.Debug|Any CPU.Build.0 = Debug|Any CPU
		{06C56F3F-102F-4442-AFF8-0EBCFE9DBD25}.Release|Any CPU.ActiveCfg = Release|Any CPU
		{06C56F3F-102F-4442-AFF8-0EBCFE9DBD25}.Release|Any CPU.Build.0 = Release|Any CPU
	EndGlobalSection
	GlobalSection(SolutionProperties) = preSolution
		HideSolutionNode = FALSE
	EndGlobalSection
	GlobalSection(NestedProjects) = preSolution
		{32326956-DE60-41AD-8113-BFFD49B13281} = {7CA1E06C-9879-4DAC-82A2-743D3B1277AD}
		{A4BF7BEC-1CC2-4E66-AC31-2BEC35792A32} = {7CA1E06C-9879-4DAC-82A2-743D3B1277AD}
		{753495F7-F029-468F-B676-3A3E902472C7} = {7CA1E06C-9879-4DAC-82A2-743D3B1277AD}
		{C53DA6A9-E40A-4D7F-879E-0564440720B6} = {7CA1E06C-9879-4DAC-82A2-743D3B1277AD}
		{06C56F3F-102F-4442-AFF8-0EBCFE9DBD25} = {97B31517-3C13-42F4-B8FD-2FFFA2D1AB2D}
	EndGlobalSection
	GlobalSection(ExtensibilityGlobals) = postSolution
		SolutionGuid = {DEB712C7-CE60-48E2-888A-3E76C5A455C0}
	EndGlobalSection
EndGlobal
